{
  "nodes": {
    "nixpkgs": {
      "locked": {
        "lastModified": 1772585379,
        "narHash": "sha256-zomLtA51H/qXAcjczveQFXPi/GuJUkPdpDeyu5bGI4M=",
        "owner": "NixOS",
        "repo": "nixpkgs",
        "rev": "0fd2db475afdde93c9e4b1625aafb8eb41b99807",
        "type": "github"
      },
      "original": {
        "owner": "NixOS",
        "ref": "nixpkgs-unstable",
        "repo": "nixpkgs",
        "type": "github"
      }
    },
    "nixpkgs_2": {
      "locked": {
        "lastModified": 1772091128,
        "narHash": "sha256-TnrYykX8Mf/Ugtkix6V+PjW7miU2yClA6uqWl/v6KWM=",
        "owner": "NixOS",
        "repo": "nixpkgs",
        "rev": "3f0336406035444b4a24b942788334af5f906259",
        "type": "github"
      },
      "original": {
        "owner": "NixOS",
        "ref": "nixpkgs-unstable",
        "repo": "nixpkgs",
        "type": "github"
      }
    },
    "opencode": {
      "inputs": {
        "nixpkgs": "nixpkgs_2"
      },
      "locked": {
        "lastModified": 1772613680,
        "narHash": "sha256-YDJaTwGMQ+Vg5FIspEvjUPzGgY9Qr3/xl7fFMeppVzY=",
        "owner": "anomalyco",
        "repo": "opencode",
        "rev": "db3eddc51f97ab58b20d3230a42591738c4d6a7b",
        "type": "github"
      },
      "original": {
        "owner": "anomalyco",
        "ref": "dev",
        "repo": "opencode",
        "type": "github"
      }
    },
    "root": {
      "inputs": {
        "nixpkgs": "nixpkgs",
        "opencode": "opencode"
      }
    }
  },
  "root": "root",
  "version": 7
}
